// !$*UTF8*$!
{
	archiveVersion = 1;
	classes = {
	};
	objectVersion = 56;
	objects = {

/* Begin PBXBuildFile section */
		4215446B2BD664D1009E396D /* MyTripPlannerApp.swift in Sources */ = {isa = PBXBuildFile; fileRef = 4215446A2BD664D1009E396D /* MyTripPlannerApp.swift */; };
		4215446D2BD664D1009E396D /* ContentView.swift in Sources */ = {isa = PBXBuildFile; fileRef = 4215446C2BD664D1009E396D /* ContentView.swift */; };
		4215446F2BD664D3009E396D /* Assets.xcassets in Resources */ = {isa = PBXBuildFile; fileRef = 4215446E2BD664D3009E396D /* Assets.xcassets */; };
		421544722BD664D3009E396D /* Preview Assets.xcassets in Resources */ = {isa = PBXBuildFile; fileRef = 421544712BD664D3009E396D /* Preview Assets.xcassets */; };
		421544792BD664FA009E396D /* DestinationModel.swift in Sources */ = {isa = PBXBuildFile; fileRef = 421544782BD664FA009E396D /* DestinationModel.swift */; };
		4215447B2BD665EB009E396D /* LocationLookup.swift in Sources */ = {isa = PBXBuildFile; fileRef = 4215447A2BD665EB009E396D /* LocationLookup.swift */; };
		4215447F2BD667CF009E396D /* ItineraryListView.swift in Sources */ = {isa = PBXBuildFile; fileRef = 4215447E2BD667CF009E396D /* ItineraryListView.swift */; };
		421544812BD9A861009E396D /* MapKitView.swift in Sources */ = {isa = PBXBuildFile; fileRef = 421544802BD9A861009E396D /* MapKitView.swift */; };
		421544832BDA0195009E396D /* LocationDetailsView.swift in Sources */ = {isa = PBXBuildFile; fileRef = 421544822BDA0195009E396D /* LocationDetailsView.swift */; };
		421544952BDA08BF009E396D /* ConentViewTests.swift in Sources */ = {isa = PBXBuildFile; fileRef = 421544942BDA08BF009E396D /* ConentViewTests.swift */; };
		421544B32BDAD2B5009E396D /* NewUserView.swift in Sources */ = {isa = PBXBuildFile; fileRef = 421544B22BDAD2B5009E396D /* NewUserView.swift */; };
		424E443E2BDC43A100B23807 /* APIKeyManager.swift in Sources */ = {isa = PBXBuildFile; fileRef = 424E443D2BDC43A100B23807 /* APIKeyManager.swift */; };
		424E44402BDC43FB00B23807 /* APIConfig.plist in Resources */ = {isa = PBXBuildFile; fileRef = 424E443F2BDC43FB00B23807 /* APIConfig.plist */; };
		424E444A2BDC518300B23807 /* NewUserViewTests.swift in Sources */ = {isa = PBXBuildFile; fileRef = 424E44492BDC518300B23807 /* NewUserViewTests.swift */; };
		424E444C2BDC570700B23807 /* onBoardingViewTests.swift in Sources */ = {isa = PBXBuildFile; fileRef = 424E444B2BDC570700B23807 /* onBoardingViewTests.swift */; };
		424E44522BDC8CD200B23807 /* MapKitViewTests.swift in Sources */ = {isa = PBXBuildFile; fileRef = 424E44512BDC8CD200B23807 /* MapKitViewTests.swift */; };
		424E44542BDC95EA00B23807 /* Constants.swift in Sources */ = {isa = PBXBuildFile; fileRef = 424E44532BDC95EA00B23807 /* Constants.swift */; };
		4299A6CC2BDAE0DD007C3FBC /* OnBoardingView.swift in Sources */ = {isa = PBXBuildFile; fileRef = 4299A6CB2BDAE0DD007C3FBC /* OnBoardingView.swift */; };
		4299A6CE2BDAE20F007C3FBC /* LaunchScreenView.swift in Sources */ = {isa = PBXBuildFile; fileRef = 4299A6CD2BDAE20F007C3FBC /* LaunchScreenView.swift */; };
		4299A6D02BDB3BE7007C3FBC /* PlaceModel.swift in Sources */ = {isa = PBXBuildFile; fileRef = 4299A6CF2BDB3BE7007C3FBC /* PlaceModel.swift */; };
		4299A6D52BDBC84D007C3FBC /* DestinationDetailView.swift in Sources */ = {isa = PBXBuildFile; fileRef = 4299A6D42BDBC84D007C3FBC /* DestinationDetailView.swift */; };
		4299A6D72BDBCB55007C3FBC /* PexelsService.swift in Sources */ = {isa = PBXBuildFile; fileRef = 4299A6D62BDBCB55007C3FBC /* PexelsService.swift */; };
/* End PBXBuildFile section */

/* Begin PBXContainerItemProxy section */
		4215448F2BDA0844009E396D /* PBXContainerItemProxy */ = {
			isa = PBXContainerItemProxy;
			containerPortal = 4215445F2BD664D1009E396D /* Project object */;
			proxyType = 1;
			remoteGlobalIDString = 421544662BD664D1009E396D;
			remoteInfo = MyTripPlanner;
		};
/* End PBXContainerItemProxy section */

/* Begin PBXFileReference section */
		421544672BD664D1009E396D /* MyTripPlanner.app */ = {isa = PBXFileReference; explicitFileType = wrapper.application; includeInIndex = 0; path = MyTripPlanner.app; sourceTree = BUILT_PRODUCTS_DIR; };
		4215446A2BD664D1009E396D /* MyTripPlannerApp.swift */ = {isa = PBXFileReference; lastKnownFileType = sourcecode.swift; path = MyTripPlannerApp.swift; sourceTree = "<group>"; };
		4215446C2BD664D1009E396D /* ContentView.swift */ = {isa = PBXFileReference; lastKnownFileType = sourcecode.swift; path = ContentView.swift; sourceTree = "<group>"; };
		4215446E2BD664D3009E396D /* Assets.xcassets */ = {isa = PBXFileReference; lastKnownFileType = folder.assetcatalog; path = Assets.xcassets; sourceTree = "<group>"; };
		421544712BD664D3009E396D /* Preview Assets.xcassets */ = {isa = PBXFileReference; lastKnownFileType = folder.assetcatalog; path = "Preview Assets.xcassets"; sourceTree = "<group>"; };
		421544782BD664FA009E396D /* DestinationModel.swift */ = {isa = PBXFileReference; lastKnownFileType = sourcecode.swift; path = DestinationModel.swift; sourceTree = "<group>"; };
		4215447A2BD665EB009E396D /* LocationLookup.swift */ = {isa = PBXFileReference; lastKnownFileType = sourcecode.swift; path = LocationLookup.swift; sourceTree = "<group>"; };
		4215447E2BD667CF009E396D /* ItineraryListView.swift */ = {isa = PBXFileReference; lastKnownFileType = sourcecode.swift; path = ItineraryListView.swift; sourceTree = "<group>"; };
		421544802BD9A861009E396D /* MapKitView.swift */ = {isa = PBXFileReference; lastKnownFileType = sourcecode.swift; path = MapKitView.swift; sourceTree = "<group>"; };
		421544822BDA0195009E396D /* LocationDetailsView.swift */ = {isa = PBXFileReference; lastKnownFileType = sourcecode.swift; path = LocationDetailsView.swift; sourceTree = "<group>"; };
		4215448B2BDA0844009E396D /* MyTripPlannerTests.xctest */ = {isa = PBXFileReference; explicitFileType = wrapper.cfbundle; includeInIndex = 0; path = MyTripPlannerTests.xctest; sourceTree = BUILT_PRODUCTS_DIR; };
		421544942BDA08BF009E396D /* ConentViewTests.swift */ = {isa = PBXFileReference; lastKnownFileType = sourcecode.swift; path = ConentViewTests.swift; sourceTree = "<group>"; };
		421544B22BDAD2B5009E396D /* NewUserView.swift */ = {isa = PBXFileReference; lastKnownFileType = sourcecode.swift; path = NewUserView.swift; sourceTree = "<group>"; };
		424E443D2BDC43A100B23807 /* APIKeyManager.swift */ = {isa = PBXFileReference; lastKnownFileType = sourcecode.swift; path = APIKeyManager.swift; sourceTree = "<group>"; };
		424E443F2BDC43FB00B23807 /* APIConfig.plist */ = {isa = PBXFileReference; lastKnownFileType = text.plist.xml; path = APIConfig.plist; sourceTree = "<group>"; };
		424E44492BDC518300B23807 /* NewUserViewTests.swift */ = {isa = PBXFileReference; lastKnownFileType = sourcecode.swift; path = NewUserViewTests.swift; sourceTree = "<group>"; };
		424E444B2BDC570700B23807 /* onBoardingViewTests.swift */ = {isa = PBXFileReference; lastKnownFileType = sourcecode.swift; path = onBoardingViewTests.swift; sourceTree = "<group>"; };
		424E44512BDC8CD200B23807 /* MapKitViewTests.swift */ = {isa = PBXFileReference; lastKnownFileType = sourcecode.swift; path = MapKitViewTests.swift; sourceTree = "<group>"; };
		424E44532BDC95EA00B23807 /* Constants.swift */ = {isa = PBXFileReference; lastKnownFileType = sourcecode.swift; path = Constants.swift; sourceTree = "<group>"; };
		4299A6CB2BDAE0DD007C3FBC /* OnBoardingView.swift */ = {isa = PBXFileReference; lastKnownFileType = sourcecode.swift; path = OnBoardingView.swift; sourceTree = "<group>"; };
		4299A6CD2BDAE20F007C3FBC /* LaunchScreenView.swift */ = {isa = PBXFileReference; lastKnownFileType = sourcecode.swift; path = LaunchScreenView.swift; sourceTree = "<group>"; };
		4299A6CF2BDB3BE7007C3FBC /* PlaceModel.swift */ = {isa = PBXFileReference; lastKnownFileType = sourcecode.swift; path = PlaceModel.swift; sourceTree = "<group>"; };
		4299A6D42BDBC84D007C3FBC /* DestinationDetailView.swift */ = {isa = PBXFileReference; lastKnownFileType = sourcecode.swift; path = DestinationDetailView.swift; sourceTree = "<group>"; };
		4299A6D62BDBCB55007C3FBC /* PexelsService.swift */ = {isa = PBXFileReference; lastKnownFileType = sourcecode.swift; path = PexelsService.swift; sourceTree = "<group>"; };
		4299A6D82BDBD245007C3FBC /* Readme.md */ = {isa = PBXFileReference; lastKnownFileType = net.daringfireball.markdown; path = Readme.md; sourceTree = "<group>"; };
/* End PBXFileReference section */

/* Begin PBXFrameworksBuildPhase section */
		421544642BD664D1009E396D /* Frameworks */ = {
			isa = PBXFrameworksBuildPhase;
			buildActionMask = 2147483647;
			files = (
			);
			runOnlyForDeploymentPostprocessing = 0;
		};
		421544882BDA0844009E396D /* Frameworks */ = {
			isa = PBXFrameworksBuildPhase;
			buildActionMask = 2147483647;
			files = (
			);
			runOnlyForDeploymentPostprocessing = 0;
		};
/* End PBXFrameworksBuildPhase section */

/* Begin PBXGroup section */
		4215445E2BD664D1009E396D = {
			isa = PBXGroup;
			children = (
				421544692BD664D1009E396D /* MyTripPlanner */,
				4215448C2BDA0844009E396D /* MyTripPlannerTests */,
				421544682BD664D1009E396D /* Products */,
			);
			sourceTree = "<group>";
		};
		421544682BD664D1009E396D /* Products */ = {
			isa = PBXGroup;
			children = (
				421544672BD664D1009E396D /* MyTripPlanner.app */,
				4215448B2BDA0844009E396D /* MyTripPlannerTests.xctest */,
			);
			name = Products;
			sourceTree = "<group>";
		};
		421544692BD664D1009E396D /* MyTripPlanner */ = {
			isa = PBXGroup;
			children = (
				4215446A2BD664D1009E396D /* MyTripPlannerApp.swift */,
				4299A6D82BDBD245007C3FBC /* Readme.md */,
				4299A6D22BDB8FE6007C3FBC /* Models */,
				4299A6D32BDB8FF7007C3FBC /* ViewModel */,
				4299A6D12BDB8FDE007C3FBC /* Views */,
				4215446E2BD664D3009E396D /* Assets.xcassets */,
				421544702BD664D3009E396D /* Preview Content */,
			);
			path = MyTripPlanner;
			sourceTree = "<group>";
		};
		421544702BD664D3009E396D /* Preview Content */ = {
			isa = PBXGroup;
			children = (
				421544712BD664D3009E396D /* Preview Assets.xcassets */,
			);
			path = "Preview Content";
			sourceTree = "<group>";
		};
		4215448C2BDA0844009E396D /* MyTripPlannerTests */ = {
			isa = PBXGroup;
			children = (
				421544942BDA08BF009E396D /* ConentViewTests.swift */,
				424E44492BDC518300B23807 /* NewUserViewTests.swift */,
				424E444B2BDC570700B23807 /* onBoardingViewTests.swift */,
				424E44512BDC8CD200B23807 /* MapKitViewTests.swift */,
			);
			path = MyTripPlannerTests;
			sourceTree = "<group>";
		};
		4299A6D12BDB8FDE007C3FBC /* Views */ = {
			isa = PBXGroup;
			children = (
				4299A6CD2BDAE20F007C3FBC /* LaunchScreenView.swift */,
				421544802BD9A861009E396D /* MapKitView.swift */,
				421544822BDA0195009E396D /* LocationDetailsView.swift */,
				4215447E2BD667CF009E396D /* ItineraryListView.swift */,
				4215446C2BD664D1009E396D /* ContentView.swift */,
				4299A6CB2BDAE0DD007C3FBC /* OnBoardingView.swift */,
				421544B22BDAD2B5009E396D /* NewUserView.swift */,
				4299A6D42BDBC84D007C3FBC /* DestinationDetailView.swift */,
			);
			path = Views;
			sourceTree = "<group>";
		};
		4299A6D22BDB8FE6007C3FBC /* Models */ = {
			isa = PBXGroup;
			children = (
				421544782BD664FA009E396D /* DestinationModel.swift */,
				4299A6CF2BDB3BE7007C3FBC /* PlaceModel.swift */,
				424E44532BDC95EA00B23807 /* Constants.swift */,
			);
			path = Models;
			sourceTree = "<group>";
		};
		4299A6D32BDB8FF7007C3FBC /* ViewModel */ = {
			isa = PBXGroup;
			children = (
				4215447A2BD665EB009E396D /* LocationLookup.swift */,
				4299A6D62BDBCB55007C3FBC /* PexelsService.swift */,
				424E443D2BDC43A100B23807 /* APIKeyManager.swift */,
				424E443F2BDC43FB00B23807 /* APIConfig.plist */,
			);
			path = ViewModel;
			sourceTree = "<group>";
		};
/* End PBXGroup section */

/* Begin PBXNativeTarget section */
		421544662BD664D1009E396D /* MyTripPlanner */ = {
			isa = PBXNativeTarget;
			buildConfigurationList = 421544752BD664D3009E396D /* Build configuration list for PBXNativeTarget "MyTripPlanner" */;
			buildPhases = (
				42F4C6512BDEE639004BFD09 /* ShellScript */,
				421544632BD664D1009E396D /* Sources */,
				421544642BD664D1009E396D /* Frameworks */,
				421544652BD664D1009E396D /* Resources */,
			);
			buildRules = (
			);
			dependencies = (
			);
			name = MyTripPlanner;
			productName = MyTripPlanner;
			productReference = 421544672BD664D1009E396D /* MyTripPlanner.app */;
			productType = "com.apple.product-type.application";
		};
		4215448A2BDA0844009E396D /* MyTripPlannerTests */ = {
			isa = PBXNativeTarget;
			buildConfigurationList = 421544912BDA0844009E396D /* Build configuration list for PBXNativeTarget "MyTripPlannerTests" */;
			buildPhases = (
				421544872BDA0844009E396D /* Sources */,
				421544882BDA0844009E396D /* Frameworks */,
				421544892BDA0844009E396D /* Resources */,
			);
			buildRules = (
			);
			dependencies = (
				421544902BDA0844009E396D /* PBXTargetDependency */,
			);
			name = MyTripPlannerTests;
			productName = MyTripPlannerTests;
			productReference = 4215448B2BDA0844009E396D /* MyTripPlannerTests.xctest */;
			productType = "com.apple.product-type.bundle.unit-test";
		};
/* End PBXNativeTarget section */

/* Begin PBXProject section */
		4215445F2BD664D1009E396D /* Project object */ = {
			isa = PBXProject;
			attributes = {
				BuildIndependentTargetsInParallel = 1;
				LastSwiftUpdateCheck = 1530;
				LastUpgradeCheck = 1530;
				TargetAttributes = {
					421544662BD664D1009E396D = {
						CreatedOnToolsVersion = 15.3;
					};
					4215448A2BDA0844009E396D = {
						CreatedOnToolsVersion = 15.3;
						TestTargetID = 421544662BD664D1009E396D;
					};
				};
			};
			buildConfigurationList = 421544622BD664D1009E396D /* Build configuration list for PBXProject "MyTripPlanner" */;
			compatibilityVersion = "Xcode 14.0";
			developmentRegion = en;
			hasScannedForEncodings = 0;
			knownRegions = (
				en,
				Base,
			);
			mainGroup = 4215445E2BD664D1009E396D;
			productRefGroup = 421544682BD664D1009E396D /* Products */;
			projectDirPath = "";
			projectRoot = "";
			targets = (
				421544662BD664D1009E396D /* MyTripPlanner */,
				4215448A2BDA0844009E396D /* MyTripPlannerTests */,
			);
		};
/* End PBXProject section */

/* Begin PBXResourcesBuildPhase section */
		421544652BD664D1009E396D /* Resources */ = {
			isa = PBXResourcesBuildPhase;
			buildActionMask = 2147483647;
			files = (
				421544722BD664D3009E396D /* Preview Assets.xcassets in Resources */,
				4215446F2BD664D3009E396D /* Assets.xcassets in Resources */,
				424E44402BDC43FB00B23807 /* APIConfig.plist in Resources */,
			);
			runOnlyForDeploymentPostprocessing = 0;
		};
		421544892BDA0844009E396D /* Resources */ = {
			isa = PBXResourcesBuildPhase;
			buildActionMask = 2147483647;
			files = (
			);
			runOnlyForDeploymentPostprocessing = 0;
		};
/* End PBXResourcesBuildPhase section */

/* Begin PBXShellScriptBuildPhase section */
		42F4C6512BDEE639004BFD09 /* ShellScript */ = {
			isa = PBXShellScriptBuildPhase;
			alwaysOutOfDate = 1;
			buildActionMask = 2147483647;
			files = (
			);
			inputFileListPaths = (
			);
			inputPaths = (
			);
			outputFileListPaths = (
			);
			outputPaths = (
			);
			runOnlyForDeploymentPostprocessing = 0;
			shellPath = /bin/sh;
			shellScript = "PATH=/opt/homebrew/bin:$PATH\nif [ -f ~/com.raywenderlich.swiftlint.yml ]; then\n  if which swiftlint >/dev/null; then\n    swiftlint --no-cache --config ~/com.raywenderlich.swiftlint.yml\n  fi\nfi\nexport PATH=\"$PATH:/opt/homebrew/bin\"\n\nif which swiftlint > /dev/null; then\n  swiftlint\nelse\n  echo \"warning: SwiftLint not installed, download from https://github.com/realm/SwiftLint\"\nfi\n\n";
		};
/* End PBXShellScriptBuildPhase section */

/* Begin PBXSourcesBuildPhase section */
		421544632BD664D1009E396D /* Sources */ = {
			isa = PBXSourcesBuildPhase;
			buildActionMask = 2147483647;
			files = (
				4215446D2BD664D1009E396D /* ContentView.swift in Sources */,
				421544812BD9A861009E396D /* MapKitView.swift in Sources */,
				421544832BDA0195009E396D /* LocationDetailsView.swift in Sources */,
				4299A6CC2BDAE0DD007C3FBC /* OnBoardingView.swift in Sources */,
				4215446B2BD664D1009E396D /* MyTripPlannerApp.swift in Sources */,
				424E44542BDC95EA00B23807 /* Constants.swift in Sources */,
				4299A6D72BDBCB55007C3FBC /* PexelsService.swift in Sources */,
				4299A6D52BDBC84D007C3FBC /* DestinationDetailView.swift in Sources */,
				4215447B2BD665EB009E396D /* LocationLookup.swift in Sources */,
				424E443E2BDC43A100B23807 /* APIKeyManager.swift in Sources */,
				4215447F2BD667CF009E396D /* ItineraryListView.swift in Sources */,
				4299A6CE2BDAE20F007C3FBC /* LaunchScreenView.swift in Sources */,
				421544B32BDAD2B5009E396D /* NewUserView.swift in Sources */,
				4299A6D02BDB3BE7007C3FBC /* PlaceModel.swift in Sources */,
				421544792BD664FA009E396D /* DestinationModel.swift in Sources */,
			);
			runOnlyForDeploymentPostprocessing = 0;
		};
		421544872BDA0844009E396D /* Sources */ = {
			isa = PBXSourcesBuildPhase;
			buildActionMask = 2147483647;
			files = (
				424E444A2BDC518300B23807 /* NewUserViewTests.swift in Sources */,
				424E44522BDC8CD200B23807 /* MapKitViewTests.swift in Sources */,
				421544952BDA08BF009E396D /* ConentViewTests.swift in Sources */,
				424E444C2BDC570700B23807 /* onBoardingViewTests.swift in Sources */,
			);
			runOnlyForDeploymentPostprocessing = 0;
		};
/* End PBXSourcesBuildPhase section */

/* Begin PBXTargetDependency section */
		421544902BDA0844009E396D /* PBXTargetDependency */ = {
			isa = PBXTargetDependency;
			target = 421544662BD664D1009E396D /* MyTripPlanner */;
			targetProxy = 4215448F2BDA0844009E396D /* PBXContainerItemProxy */;
		};
/* End PBXTargetDependency section */

/* Begin XCBuildConfiguration section */
		421544732BD664D3009E396D /* Debug */ = {
			isa = XCBuildConfiguration;
			buildSettings = {
				ALWAYS_SEARCH_USER_PATHS = NO;
				ASSETCATALOG_COMPILER_GENERATE_SWIFT_ASSET_SYMBOL_EXTENSIONS = YES;
				CLANG_ANALYZER_NONNULL = YES;
				CLANG_ANALYZER_NUMBER_OBJECT_CONVERSION = YES_AGGRESSIVE;
				CLANG_CXX_LANGUAGE_STANDARD = "gnu++20";
				CLANG_ENABLE_MODULES = YES;
				CLANG_ENABLE_OBJC_ARC = YES;
				CLANG_ENABLE_OBJC_WEAK = YES;
				CLANG_WARN_BLOCK_CAPTURE_AUTORELEASING = YES;
				CLANG_WARN_BOOL_CONVERSION = YES;
				CLANG_WARN_COMMA = YES;
				CLANG_WARN_CONSTANT_CONVERSION = YES;
				CLANG_WARN_DEPRECATED_OBJC_IMPLEMENTATIONS = YES;
				CLANG_WARN_DIRECT_OBJC_ISA_USAGE = YES_ERROR;
				CLANG_WARN_DOCUMENTATION_COMMENTS = YES;
				CLANG_WARN_EMPTY_BODY = YES;
				CLANG_WARN_ENUM_CONVERSION = YES;
				CLANG_WARN_INFINITE_RECURSION = YES;
				CLANG_WARN_INT_CONVERSION = YES;
				CLANG_WARN_NON_LITERAL_NULL_CONVERSION = YES;
				CLANG_WARN_OBJC_IMPLICIT_RETAIN_SELF = YES;
				CLANG_WARN_OBJC_LITERAL_CONVERSION = YES;
				CLANG_WARN_OBJC_ROOT_CLASS = YES_ERROR;
				CLANG_WARN_QUOTED_INCLUDE_IN_FRAMEWORK_HEADER = YES;
				CLANG_WARN_RANGE_LOOP_ANALYSIS = YES;
				CLANG_WARN_STRICT_PROTOTYPES = YES;
				CLANG_WARN_SUSPICIOUS_MOVE = YES;
				CLANG_WARN_UNGUARDED_AVAILABILITY = YES_AGGRESSIVE;
				CLANG_WARN_UNREACHABLE_CODE = YES;
				CLANG_WARN__DUPLICATE_METHOD_MATCH = YES;
				COPY_PHASE_STRIP = NO;
				DEBUG_INFORMATION_FORMAT = dwarf;
				ENABLE_STRICT_OBJC_MSGSEND = YES;
				ENABLE_TESTABILITY = YES;
				ENABLE_USER_SCRIPT_SANDBOXING = YES;
				GCC_C_LANGUAGE_STANDARD = gnu17;
				GCC_DYNAMIC_NO_PIC = NO;
				GCC_NO_COMMON_BLOCKS = YES;
				GCC_OPTIMIZATION_LEVEL = 0;
				GCC_PREPROCESSOR_DEFINITIONS = (
					"DEBUG=1",
					"$(inherited)",
				);
				GCC_WARN_64_TO_32_BIT_CONVERSION = YES;
				GCC_WARN_ABOUT_RETURN_TYPE = YES_ERROR;
				GCC_WARN_UNDECLARED_SELECTOR = YES;
				GCC_WARN_UNINITIALIZED_AUTOS = YES_AGGRESSIVE;
				GCC_WARN_UNUSED_FUNCTION = YES;
				GCC_WARN_UNUSED_VARIABLE = YES;
				IPHONEOS_DEPLOYMENT_TARGET = 17.4;
				LOCALIZATION_PREFERS_STRING_CATALOGS = YES;
				MTL_ENABLE_DEBUG_INFO = INCLUDE_SOURCE;
				MTL_FAST_MATH = YES;
				ONLY_ACTIVE_ARCH = YES;
				SDKROOT = iphoneos;
				SWIFT_ACTIVE_COMPILATION_CONDITIONS = "DEBUG $(inherited)";
				SWIFT_OPTIMIZATION_LEVEL = "-Onone";
			};
			name = Debug;
		};
		421544742BD664D3009E396D /* Release */ = {
			isa = XCBuildConfiguration;
			buildSettings = {
				ALWAYS_SEARCH_USER_PATHS = NO;
				ASSETCATALOG_COMPILER_GENERATE_SWIFT_ASSET_SYMBOL_EXTENSIONS = YES;
				CLANG_ANALYZER_NONNULL = YES;
				CLANG_ANALYZER_NUMBER_OBJECT_CONVERSION = YES_AGGRESSIVE;
				CLANG_CXX_LANGUAGE_STANDARD = "gnu++20";
				CLANG_ENABLE_MODULES = YES;
				CLANG_ENABLE_OBJC_ARC = YES;
				CLANG_ENABLE_OBJC_WEAK = YES;
				CLANG_WARN_BLOCK_CAPTURE_AUTORELEASING = YES;
				CLANG_WARN_BOOL_CONVERSION = YES;
				CLANG_WARN_COMMA = YES;
				CLANG_WARN_CONSTANT_CONVERSION = YES;
				CLANG_WARN_DEPRECATED_OBJC_IMPLEMENTATIONS = YES;
				CLANG_WARN_DIRECT_OBJC_ISA_USAGE = YES_ERROR;
				CLANG_WARN_DOCUMENTATION_COMMENTS = YES;
				CLANG_WARN_EMPTY_BODY = YES;
				CLANG_WARN_ENUM_CONVERSION = YES;
				CLANG_WARN_INFINITE_RECURSION = YES;
				CLANG_WARN_INT_CONVERSION = YES;
				CLANG_WARN_NON_LITERAL_NULL_CONVERSION = YES;
				CLANG_WARN_OBJC_IMPLICIT_RETAIN_SELF = YES;
				CLANG_WARN_OBJC_LITERAL_CONVERSION = YES;
				CLANG_WARN_OBJC_ROOT_CLASS = YES_ERROR;
				CLANG_WARN_QUOTED_INCLUDE_IN_FRAMEWORK_HEADER = YES;
				CLANG_WARN_RANGE_LOOP_ANALYSIS = YES;
				CLANG_WARN_STRICT_PROTOTYPES = YES;
				CLANG_WARN_SUSPICIOUS_MOVE = YES;
				CLANG_WARN_UNGUARDED_AVAILABILITY = YES_AGGRESSIVE;
				CLANG_WARN_UNREACHABLE_CODE = YES;
				CLANG_WARN__DUPLICATE_METHOD_MATCH = YES;
				COPY_PHASE_STRIP = NO;
				DEBUG_INFORMATION_FORMAT = "dwarf-with-dsym";
				ENABLE_NS_ASSERTIONS = NO;
				ENABLE_STRICT_OBJC_MSGSEND = YES;
				ENABLE_USER_SCRIPT_SANDBOXING = YES;
				GCC_C_LANGUAGE_STANDARD = gnu17;
				GCC_NO_COMMON_BLOCKS = YES;
				GCC_WARN_64_TO_32_BIT_CONVERSION = YES;
				GCC_WARN_ABOUT_RETURN_TYPE = YES_ERROR;
				GCC_WARN_UNDECLARED_SELECTOR = YES;
				GCC_WARN_UNINITIALIZED_AUTOS = YES_AGGRESSIVE;
				GCC_WARN_UNUSED_FUNCTION = YES;
				GCC_WARN_UNUSED_VARIABLE = YES;
				IPHONEOS_DEPLOYMENT_TARGET = 17.4;
				LOCALIZATION_PREFERS_STRING_CATALOGS = YES;
				MTL_ENABLE_DEBUG_INFO = NO;
				MTL_FAST_MATH = YES;
				SDKROOT = iphoneos;
				SWIFT_COMPILATION_MODE = wholemodule;
				VALIDATE_PRODUCT = YES;
			};
			name = Release;
		};
		421544762BD664D3009E396D /* Debug */ = {
			isa = XCBuildConfiguration;
			buildSettings = {
				ASSETCATALOG_COMPILER_APPICON_NAME = AppIcon;
				ASSETCATALOG_COMPILER_GLOBAL_ACCENT_COLOR_NAME = AccentColor;
				CODE_SIGN_STYLE = Automatic;
				CURRENT_PROJECT_VERSION = 1;
				DEVELOPMENT_ASSET_PATHS = "\"MyTripPlanner/Preview Content\"";
				DEVELOPMENT_TEAM = 35JNV6JNJ3;
				ENABLE_PREVIEWS = YES;
				ENABLE_USER_SCRIPT_SANDBOXING = NO;
				GENERATE_INFOPLIST_FILE = YES;
				INFOPLIST_KEY_UIApplicationSceneManifest_Generation = YES;
				INFOPLIST_KEY_UIApplicationSupportsIndirectInputEvents = YES;
				INFOPLIST_KEY_UILaunchScreen_Generation = YES;
				INFOPLIST_KEY_UISupportedInterfaceOrientations_iPad = "UIInterfaceOrientationPortrait UIInterfaceOrientationPortraitUpsideDown UIInterfaceOrientationLandscapeLeft UIInterfaceOrientationLandscapeRight";
				INFOPLIST_KEY_UISupportedInterfaceOrientations_iPhone = "UIInterfaceOrientationPortrait UIInterfaceOrientationLandscapeLeft UIInterfaceOrientationLandscapeRight";
				LD_RUNPATH_SEARCH_PATHS = (
					"$(inherited)",
					"@executable_path/Frameworks",
				);
				MARKETING_VERSION = 1.0;
				PRODUCT_BUNDLE_IDENTIFIER = com.mohsin.MyTripPlanner;
				PRODUCT_NAME = "$(TARGET_NAME)";
				SWIFT_EMIT_LOC_STRINGS = YES;
				SWIFT_VERSION = 5.0;
				TARGETED_DEVICE_FAMILY = "1,2";
			};
			name = Debug;
		};
		421544772BD664D3009E396D /* Release */ = {
			isa = XCBuildConfiguration;
			buildSettings = {
				ASSETCATALOG_COMPILER_APPICON_NAME = AppIcon;
				ASSETCATALOG_COMPILER_GLOBAL_ACCENT_COLOR_NAME = AccentColor;
				CODE_SIGN_STYLE = Automatic;
				CURRENT_PROJECT_VERSION = 1;
				DEVELOPMENT_ASSET_PATHS = "\"MyTripPlanner/Preview Content\"";
				DEVELOPMENT_TEAM = 35JNV6JNJ3;
				ENABLE_PREVIEWS = YES;
				ENABLE_USER_SCRIPT_SANDBOXING = NO;
				GENERATE_INFOPLIST_FILE = YES;
				INFOPLIST_KEY_UIApplicationSceneManifest_Generation = YES;
				INFOPLIST_KEY_UIApplicationSupportsIndirectInputEvents = YES;
				INFOPLIST_KEY_UILaunchScreen_Generation = YES;
				INFOPLIST_KEY_UISupportedInterfaceOrientations_iPad = "UIInterfaceOrientationPortrait UIInterfaceOrientationPortraitUpsideDown UIInterfaceOrientationLandscapeLeft UIInterfaceOrientationLandscapeRight";
				INFOPLIST_KEY_UISupportedInterfaceOrientations_iPhone = "UIInterfaceOrientationPortrait UIInterfaceOrientationLandscapeLeft UIInterfaceOrientationLandscapeRight";
				LD_RUNPATH_SEARCH_PATHS = (
					"$(inherited)",
					"@executable_path/Frameworks",
				);
				MARKETING_VERSION = 1.0;
				PRODUCT_BUNDLE_IDENTIFIER = com.mohsin.MyTripPlanner;
				PRODUCT_NAME = "$(TARGET_NAME)";
				SWIFT_EMIT_LOC_STRINGS = YES;
				SWIFT_VERSION = 5.0;
				TARGETED_DEVICE_FAMILY = "1,2";
			};
			name = Release;
		};
		421544922BDA0844009E396D /* Debug */ = {
			isa = XCBuildConfiguration;
			buildSettings = {
				BUNDLE_LOADER = "$(TEST_HOST)";
				CODE_SIGN_STYLE = Automatic;
				CURRENT_PROJECT_VERSION = 1;
				DEVELOPMENT_TEAM = 35JNV6JNJ3;
				ENABLE_USER_SCRIPT_SANDBOXING = NO;
				GENERATE_INFOPLIST_FILE = YES;
				MARKETING_VERSION = 1.0;
				PRODUCT_BUNDLE_IDENTIFIER = com.mohsin.MyTripPlannerTests;
				PRODUCT_NAME = "$(TARGET_NAME)";
				SWIFT_EMIT_LOC_STRINGS = NO;
				SWIFT_VERSION = 5.0;
				TARGETED_DEVICE_FAMILY = "1,2";
				TEST_HOST = "$(BUILT_PRODUCTS_DIR)/MyTripPlanner.app/$(BUNDLE_EXECUTABLE_FOLDER_PATH)/MyTripPlanner";
			};
			name = Debug;
		};
		421544932BDA0844009E396D /* Release */ = {
			isa = XCBuildConfiguration;
			buildSettings = {
				BUNDLE_LOADER = "$(TEST_HOST)";
				CODE_SIGN_STYLE = Automatic;
				CURRENT_PROJECT_VERSION = 1;
				DEVELOPMENT_TEAM = 35JNV6JNJ3;
				ENABLE_USER_SCRIPT_SANDBOXING = NO;
				GENERATE_INFOPLIST_FILE = YES;
				MARKETING_VERSION = 1.0;
				PRODUCT_BUNDLE_IDENTIFIER = com.mohsin.MyTripPlannerTests;
				PRODUCT_NAME = "$(TARGET_NAME)";
				SWIFT_EMIT_LOC_STRINGS = NO;
				SWIFT_VERSION = 5.0;
				TARGETED_DEVICE_FAMILY = "1,2";
				TEST_HOST = "$(BUILT_PRODUCTS_DIR)/MyTripPlanner.app/$(BUNDLE_EXECUTABLE_FOLDER_PATH)/MyTripPlanner";
			};
			name = Release;
		};
/* End XCBuildConfiguration section */

/* Begin XCConfigurationList section */
		421544622BD664D1009E396D /* Build configuration list for PBXProject "MyTripPlanner" */ = {
			isa = XCConfigurationList;
			buildConfigurations = (
				421544732BD664D3009E396D /* Debug */,
				421544742BD664D3009E396D /* Release */,
			);
			defaultConfigurationIsVisible = 0;
			defaultConfigurationName = Release;
		};
		421544752BD664D3009E396D /* Build configuration list for PBXNativeTarget "MyTripPlanner" */ = {
			isa = XCConfigurationList;
			buildConfigurations = (
				421544762BD664D3009E396D /* Debug */,
				421544772BD664D3009E396D /* Release */,
			);
			defaultConfigurationIsVisible = 0;
			defaultConfigurationName = Release;
		};
		421544912BDA0844009E396D /* Build configuration list for PBXNativeTarget "MyTripPlannerTests" */ = {
			isa = XCConfigurationList;
			buildConfigurations = (
				421544922BDA0844009E396D /* Debug */,
				421544932BDA0844009E396D /* Release */,
			);
			defaultConfigurationIsVisible = 0;
			defaultConfigurationName = Release;
		};
/* End XCConfigurationList section */
	};
	rootObject = 4215445F2BD664D1009E396D /* Project object */;
}
